// !$*UTF8*$!
{
	archiveVersion = 1;
	classes = {
	};
	objectVersion = 55;
	objects = {

/* Begin PBXBuildFile section */
		009983CAC79AD007C8A81B9B /* libPods-A_Category.a in Frameworks */ = {isa = PBXBuildFile; fileRef = 80AECBE5A6505255F19EDC31 /* libPods-A_Category.a */; };
		A9436700291CCF0100643F66 /* AppDelegate.m in Sources */ = {isa = PBXBuildFile; fileRef = A94366FF291CCF0100643F66 /* AppDelegate.m */; };
		A9436703291CCF0100643F66 /* SceneDelegate.m in Sources */ = {isa = PBXBuildFile; fileRef = A9436702291CCF0100643F66 /* SceneDelegate.m */; };
		A9436706291CCF0100643F66 /* ViewController.m in Sources */ = {isa = PBXBuildFile; fileRef = A9436705291CCF0100643F66 /* ViewController.m */; };
		A9436709291CCF0100643F66 /* Main.storyboard in Resources */ = {isa = PBXBuildFile; fileRef = A9436707291CCF0100643F66 /* Main.storyboard */; };
		A943670B291CCF0300643F66 /* Assets.xcassets in Resources */ = {isa = PBXBuildFile; fileRef = A943670A291CCF0300643F66 /* Assets.xcassets */; };
		A943670E291CCF0300643F66 /* LaunchScreen.storyboard in Resources */ = {isa = PBXBuildFile; fileRef = A943670C291CCF0300643F66 /* LaunchScreen.storyboard */; };
		A9436711291CCF0300643F66 /* main.m in Sources */ = {isa = PBXBuildFile; fileRef = A9436710291CCF0300643F66 /* main.m */; };
		A943671B291CCF0300643F66 /* A_CategoryTests.m in Sources */ = {isa = PBXBuildFile; fileRef = A943671A291CCF0300643F66 /* A_CategoryTests.m */; };
		A9436725291CCF0300643F66 /* A_CategoryUITests.m in Sources */ = {isa = PBXBuildFile; fileRef = A9436724291CCF0300643F66 /* A_CategoryUITests.m */; };
		A9436727291CCF0300643F66 /* A_CategoryUITestsLaunchTests.m in Sources */ = {isa = PBXBuildFile; fileRef = A9436726291CCF0300643F66 /* A_CategoryUITestsLaunchTests.m */; };
		A9436739291CD33500643F66 /* CTMediator+A.m in Sources */ = {isa = PBXBuildFile; fileRef = A9436738291CD33500643F66 /* CTMediator+A.m */; };
		A94368002922119D00643F66 /* UIKit.framework in Frameworks */ = {isa = PBXBuildFile; fileRef = A94367FF2922119D00643F66 /* UIKit.framework */; };
		A9436802292211A200643F66 /* Foundation.framework in Frameworks */ = {isa = PBXBuildFile; fileRef = A9436801292211A200643F66 /* Foundation.framework */; };
/* End PBXBuildFile section */

/* Begin PBXContainerItemProxy section */
		A9436717291CCF0300643F66 /* PBXContainerItemProxy */ = {
			isa = PBXContainerItemProxy;
			containerPortal = A94366F3291CCF0100643F66 /* Project object */;
			proxyType = 1;
			remoteGlobalIDString = A94366FA291CCF0100643F66;
			remoteInfo = A_Category;
		};
		A9436721291CCF0300643F66 /* PBXContainerItemProxy */ = {
			isa = PBXContainerItemProxy;
			containerPortal = A94366F3291CCF0100643F66 /* Project object */;
			proxyType = 1;
			remoteGlobalIDString = A94366FA291CCF0100643F66;
			remoteInfo = A_Category;
		};
/* End PBXContainerItemProxy section */

/* Begin PBXFileReference section */
		1E314C273DE0E10AA465DF9F /* Pods-A_Category.debug.xcconfig */ = {isa = PBXFileReference; includeInIndex = 1; lastKnownFileType = text.xcconfig; name = "Pods-A_Category.debug.xcconfig"; path = "Target Support Files/Pods-A_Category/Pods-A_Category.debug.xcconfig"; sourceTree = "<group>"; };
		80AECBE5A6505255F19EDC31 /* libPods-A_Category.a */ = {isa = PBXFileReference; explicitFileType = archive.ar; includeInIndex = 0; path = "libPods-A_Category.a"; sourceTree = BUILT_PRODUCTS_DIR; };
		A94366FB291CCF0100643F66 /* A_Category.app */ = {isa = PBXFileReference; explicitFileType = wrapper.application; includeInIndex = 0; path = A_Category.app; sourceTree = BUILT_PRODUCTS_DIR; };
		A94366FE291CCF0100643F66 /* AppDelegate.h */ = {isa = PBXFileReference; lastKnownFileType = sourcecode.c.h; path = AppDelegate.h; sourceTree = "<group>"; };
		A94366FF291CCF0100643F66 /* AppDelegate.m */ = {isa = PBXFileReference; lastKnownFileType = sourcecode.c.objc; path = AppDelegate.m; sourceTree = "<group>"; };
		A9436701291CCF0100643F66 /* SceneDelegate.h */ = {isa = PBXFileReference; lastKnownFileType = sourcecode.c.h; path = SceneDelegate.h; sourceTree = "<group>"; };
		A9436702291CCF0100643F66 /* SceneDelegate.m */ = {isa = PBXFileReference; lastKnownFileType = sourcecode.c.objc; path = SceneDelegate.m; sourceTree = "<group>"; };
		A9436704291CCF0100643F66 /* ViewController.h */ = {isa = PBXFileReference; lastKnownFileType = sourcecode.c.h; path = ViewController.h; sourceTree = "<group>"; };
		A9436705291CCF0100643F66 /* ViewController.m */ = {isa = PBXFileReference; lastKnownFileType = sourcecode.c.objc; path = ViewController.m; sourceTree = "<group>"; };
		A9436708291CCF0100643F66 /* Base */ = {isa = PBXFileReference; lastKnownFileType = file.storyboard; name = Base; path = Base.lproj/Main.storyboard; sourceTree = "<group>"; };
		A943670A291CCF0300643F66 /* Assets.xcassets */ = {isa = PBXFileReference; lastKnownFileType = folder.assetcatalog; path = Assets.xcassets; sourceTree = "<group>"; };
		A943670D291CCF0300643F66 /* Base */ = {isa = PBXFileReference; lastKnownFileType = file.storyboard; name = Base; path = Base.lproj/LaunchScreen.storyboard; sourceTree = "<group>"; };
		A943670F291CCF0300643F66 /* Info.plist */ = {isa = PBXFileReference; lastKnownFileType = text.plist.xml; path = Info.plist; sourceTree = "<group>"; };
		A9436710291CCF0300643F66 /* main.m */ = {isa = PBXFileReference; lastKnownFileType = sourcecode.c.objc; path = main.m; sourceTree = "<group>"; };
		A9436716291CCF0300643F66 /* A_CategoryTests.xctest */ = {isa = PBXFileReference; explicitFileType = wrapper.cfbundle; includeInIndex = 0; path = A_CategoryTests.xctest; sourceTree = BUILT_PRODUCTS_DIR; };
		A943671A291CCF0300643F66 /* A_CategoryTests.m */ = {isa = PBXFileReference; lastKnownFileType = sourcecode.c.objc; path = A_CategoryTests.m; sourceTree = "<group>"; };
		A9436720291CCF0300643F66 /* A_CategoryUITests.xctest */ = {isa = PBXFileReference; explicitFileType = wrapper.cfbundle; includeInIndex = 0; path = A_CategoryUITests.xctest; sourceTree = BUILT_PRODUCTS_DIR; };
		A9436724291CCF0300643F66 /* A_CategoryUITests.m */ = {isa = PBXFileReference; lastKnownFileType = sourcecode.c.objc; path = A_CategoryUITests.m; sourceTree = "<group>"; };
		A9436726291CCF0300643F66 /* A_CategoryUITestsLaunchTests.m */ = {isa = PBXFileReference; lastKnownFileType = sourcecode.c.objc; path = A_CategoryUITestsLaunchTests.m; sourceTree = "<group>"; };
		A9436737291CD33500643F66 /* CTMediator+A.h */ = {isa = PBXFileReference; lastKnownFileType = sourcecode.c.h; path = "CTMediator+A.h"; sourceTree = "<group>"; };
		A9436738291CD33500643F66 /* CTMediator+A.m */ = {isa = PBXFileReference; lastKnownFileType = sourcecode.c.objc; path = "CTMediator+A.m"; sourceTree = "<group>"; };
		A94367FF2922119D00643F66 /* UIKit.framework */ = {isa = PBXFileReference; lastKnownFileType = wrapper.framework; name = UIKit.framework; path = System/Library/Frameworks/UIKit.framework; sourceTree = SDKROOT; };
		A9436801292211A200643F66 /* Foundation.framework */ = {isa = PBXFileReference; lastKnownFileType = wrapper.framework; name = Foundation.framework; path = System/Library/Frameworks/Foundation.framework; sourceTree = SDKROOT; };
		A9436807292215A500643F66 /* libCTMediator.a */ = {isa = PBXFileReference; explicitFileType = archive.ar; path = libCTMediator.a; sourceTree = BUILT_PRODUCTS_DIR; };
		D5020946A0D9AF8D502FE851 /* Pods-A_Category.release.xcconfig */ = {isa = PBXFileReference; includeInIndex = 1; lastKnownFileType = text.xcconfig; name = "Pods-A_Category.release.xcconfig"; path = "Target Support Files/Pods-A_Category/Pods-A_Category.release.xcconfig"; sourceTree = "<group>"; };
/* End PBXFileReference section */

/* Begin PBXFrameworksBuildPhase section */
		A94366F8291CCF0100643F66 /* Frameworks */ = {
			isa = PBXFrameworksBuildPhase;
			buildActionMask = 2147483647;
			files = (
				009983CAC79AD007C8A81B9B /* libPods-A_Category.a in Frameworks */,
				A9436802292211A200643F66 /* Foundation.framework in Frameworks */,
				A94368002922119D00643F66 /* UIKit.framework in Frameworks */,
			);
			runOnlyForDeploymentPostprocessing = 0;
		};
		A9436713291CCF0300643F66 /* Frameworks */ = {
			isa = PBXFrameworksBuildPhase;
			buildActionMask = 2147483647;
			files = (
			);
			runOnlyForDeploymentPostprocessing = 0;
		};
		A943671D291CCF0300643F66 /* Frameworks */ = {
			isa = PBXFrameworksBuildPhase;
			buildActionMask = 2147483647;
			files = (
			);
			runOnlyForDeploymentPostprocessing = 0;
		};
/* End PBXFrameworksBuildPhase section */

/* Begin PBXGroup section */
		5A0589667754809623A0E883 /* Pods */ = {
			isa = PBXGroup;
			children = (
				1E314C273DE0E10AA465DF9F /* Pods-A_Category.debug.xcconfig */,
				D5020946A0D9AF8D502FE851 /* Pods-A_Category.release.xcconfig */,
			);
			path = Pods;
			sourceTree = "<group>";
		};
		A94366F2291CCF0100643F66 = {
			isa = PBXGroup;
			children = (
				A94366FD291CCF0100643F66 /* A_Category */,
				A9436719291CCF0300643F66 /* A_CategoryTests */,
				A9436723291CCF0300643F66 /* A_CategoryUITests */,
				A94366FC291CCF0100643F66 /* Products */,
				5A0589667754809623A0E883 /* Pods */,
				B15FEE95FFF47135F857AC78 /* Frameworks */,
			);
			sourceTree = "<group>";
		};
		A94366FC291CCF0100643F66 /* Products */ = {
			isa = PBXGroup;
			children = (
				A94366FB291CCF0100643F66 /* A_Category.app */,
				A9436716291CCF0300643F66 /* A_CategoryTests.xctest */,
				A9436720291CCF0300643F66 /* A_CategoryUITests.xctest */,
			);
			name = Products;
			sourceTree = "<group>";
		};
		A94366FD291CCF0100643F66 /* A_Category */ = {
			isa = PBXGroup;
			children = (
				A9436733291CD2A300643F66 /* Classes */,
				A94366FE291CCF0100643F66 /* AppDelegate.h */,
				A94366FF291CCF0100643F66 /* AppDelegate.m */,
				A9436701291CCF0100643F66 /* SceneDelegate.h */,
				A9436702291CCF0100643F66 /* SceneDelegate.m */,
				A9436704291CCF0100643F66 /* ViewController.h */,
				A9436705291CCF0100643F66 /* ViewController.m */,
				A9436707291CCF0100643F66 /* Main.storyboard */,
				A943670A291CCF0300643F66 /* Assets.xcassets */,
				A943670C291CCF0300643F66 /* LaunchScreen.storyboard */,
				A943670F291CCF0300643F66 /* Info.plist */,
				A9436710291CCF0300643F66 /* main.m */,
			);
			path = A_Category;
			sourceTree = "<group>";
		};
		A9436719291CCF0300643F66 /* A_CategoryTests */ = {
			isa = PBXGroup;
			children = (
				A943671A291CCF0300643F66 /* A_CategoryTests.m */,
			);
			path = A_CategoryTests;
			sourceTree = "<group>";
		};
		A9436723291CCF0300643F66 /* A_CategoryUITests */ = {
			isa = PBXGroup;
			children = (
				A9436724291CCF0300643F66 /* A_CategoryUITests.m */,
				A9436726291CCF0300643F66 /* A_CategoryUITestsLaunchTests.m */,
			);
			path = A_CategoryUITests;
			sourceTree = "<group>";
		};
		A9436733291CD2A300643F66 /* Classes */ = {
			isa = PBXGroup;
			children = (
				A9436737291CD33500643F66 /* CTMediator+A.h */,
				A9436738291CD33500643F66 /* CTMediator+A.m */,
			);
			path = Classes;
			sourceTree = "<group>";
		};
		B15FEE95FFF47135F857AC78 /* Frameworks */ = {
			isa = PBXGroup;
			children = (
				A9436807292215A500643F66 /* libCTMediator.a */,
				A9436801292211A200643F66 /* Foundation.framework */,
				A94367FF2922119D00643F66 /* UIKit.framework */,
				80AECBE5A6505255F19EDC31 /* libPods-A_Category.a */,
			);
			name = Frameworks;
			sourceTree = "<group>";
		};
/* End PBXGroup section */

/* Begin PBXNativeTarget section */
		A94366FA291CCF0100643F66 /* A_Category */ = {
			isa = PBXNativeTarget;
			buildConfigurationList = A943672A291CCF0300643F66 /* Build configuration list for PBXNativeTarget "A_Category" */;
			buildPhases = (
				7D9E99F67D972C2DA6C71D54 /* [CP] Check Pods Manifest.lock */,
				A94366F7291CCF0100643F66 /* Sources */,
				A94366F8291CCF0100643F66 /* Frameworks */,
				A94366F9291CCF0100643F66 /* Resources */,
			);
			buildRules = (
			);
			dependencies = (
			);
			name = A_Category;
			productName = A_Category;
			productReference = A94366FB291CCF0100643F66 /* A_Category.app */;
			productType = "com.apple.product-type.application";
		};
		A9436715291CCF0300643F66 /* A_CategoryTests */ = {
			isa = PBXNativeTarget;
			buildConfigurationList = A943672D291CCF0300643F66 /* Build configuration list for PBXNativeTarget "A_CategoryTests" */;
			buildPhases = (
				A9436712291CCF0300643F66 /* Sources */,
				A9436713291CCF0300643F66 /* Frameworks */,
				A9436714291CCF0300643F66 /* Resources */,
			);
			buildRules = (
			);
			dependencies = (
				A9436718291CCF0300643F66 /* PBXTargetDependency */,
			);
			name = A_CategoryTests;
			productName = A_CategoryTests;
			productReference = A9436716291CCF0300643F66 /* A_CategoryTests.xctest */;
			productType = "com.apple.product-type.bundle.unit-test";
		};
		A943671F291CCF0300643F66 /* A_CategoryUITests */ = {
			isa = PBXNativeTarget;
			buildConfigurationList = A9436730291CCF0300643F66 /* Build configuration list for PBXNativeTarget "A_CategoryUITests" */;
			buildPhases = (
				A943671C291CCF0300643F66 /* Sources */,
				A943671D291CCF0300643F66 /* Frameworks */,
				A943671E291CCF0300643F66 /* Resources */,
			);
			buildRules = (
			);
			dependencies = (
				A9436722291CCF0300643F66 /* PBXTargetDependency */,
			);
			name = A_CategoryUITests;
			productName = A_CategoryUITests;
			productReference = A9436720291CCF0300643F66 /* A_CategoryUITests.xctest */;
			productType = "com.apple.product-type.bundle.ui-testing";
		};
/* End PBXNativeTarget section */

/* Begin PBXProject section */
		A94366F3291CCF0100643F66 /* Project object */ = {
			isa = PBXProject;
			attributes = {
				BuildIndependentTargetsInParallel = 1;
				LastUpgradeCheck = 1340;
				TargetAttributes = {
					A94366FA291CCF0100643F66 = {
						CreatedOnToolsVersion = 13.4.1;
					};
					A9436715291CCF0300643F66 = {
						CreatedOnToolsVersion = 13.4.1;
						TestTargetID = A94366FA291CCF0100643F66;
					};
					A943671F291CCF0300643F66 = {
						CreatedOnToolsVersion = 13.4.1;
						TestTargetID = A94366FA291CCF0100643F66;
					};
				};
			};
			buildConfigurationList = A94366F6291CCF0100643F66 /* Build configuration list for PBXProject "A_Category" */;
			compatibilityVersion = "Xcode 13.0";
			developmentRegion = en;
			hasScannedForEncodings = 0;
			knownRegions = (
				en,
				Base,
			);
			mainGroup = A94366F2291CCF0100643F66;
			productRefGroup = A94366FC291CCF0100643F66 /* Products */;
			projectDirPath = "";
			projectRoot = "";
			targets = (
				A94366FA291CCF0100643F66 /* A_Category */,
				A9436715291CCF0300643F66 /* A_CategoryTests */,
				A943671F291CCF0300643F66 /* A_CategoryUITests */,
			);
		};
/* End PBXProject section */

/* Begin PBXResourcesBuildPhase section */
		A94366F9291CCF0100643F66 /* Resources */ = {
			isa = PBXResourcesBuildPhase;
			buildActionMask = 2147483647;
			files = (
				A943670E291CCF0300643F66 /* LaunchScreen.storyboard in Resources */,
				A943670B291CCF0300643F66 /* Assets.xcassets in Resources */,
				A9436709291CCF0100643F66 /* Main.storyboard in Resources */,
			);
			runOnlyForDeploymentPostprocessing = 0;
		};
		A9436714291CCF0300643F66 /* Resources */ = {
			isa = PBXResourcesBuildPhase;
			buildActionMask = 2147483647;
			files = (
			);
			runOnlyForDeploymentPostprocessing = 0;
		};
		A943671E291CCF0300643F66 /* Resources */ = {
			isa = PBXResourcesBuildPhase;
			buildActionMask = 2147483647;
			files = (
			);
			runOnlyForDeploymentPostprocessing = 0;
		};
/* End PBXResourcesBuildPhase section */

/* Begin PBXShellScriptBuildPhase section */
		7D9E99F67D972C2DA6C71D54 /* [CP] Check Pods Manifest.lock */ = {
			isa = PBXShellScriptBuildPhase;
			buildActionMask = 2147483647;
			files = (
			);
			inputFileListPaths = (
			);
			inputPaths = (
				"${PODS_PODFILE_DIR_PATH}/Podfile.lock",
				"${PODS_ROOT}/Manifest.lock",
			);
			name = "[CP] Check Pods Manifest.lock";
			outputFileListPaths = (
			);
			outputPaths = (
				"$(DERIVED_FILE_DIR)/Pods-A_Category-checkManifestLockResult.txt",
			);
			runOnlyForDeploymentPostprocessing = 0;
			shellPath = /bin/sh;
			shellScript = "diff \"${PODS_PODFILE_DIR_PATH}/Podfile.lock\" \"${PODS_ROOT}/Manifest.lock\" > /dev/null\nif [ $? != 0 ] ; then\n    # print error to STDERR\n    echo \"error: The sandbox is not in sync with the Podfile.lock. Run 'pod install' or update your CocoaPods installation.\" >&2\n    exit 1\nfi\n# This output is used by Xcode 'outputs' to avoid re-running this script phase.\necho \"SUCCESS\" > \"${SCRIPT_OUTPUT_FILE_0}\"\n";
			showEnvVarsInLog = 0;
		};
/* End PBXShellScriptBuildPhase section */

/* Begin PBXSourcesBuildPhase section */
		A94366F7291CCF0100643F66 /* Sources */ = {
			isa = PBXSourcesBuildPhase;
			buildActionMask = 2147483647;
			files = (
				A9436706291CCF0100643F66 /* ViewController.m in Sources */,
				A9436700291CCF0100643F66 /* AppDelegate.m in Sources */,
				A9436711291CCF0300643F66 /* main.m in Sources */,
				A9436703291CCF0100643F66 /* SceneDelegate.m in Sources */,
				A9436739291CD33500643F66 /* CTMediator+A.m in Sources */,
			);
			runOnlyForDeploymentPostprocessing = 0;
		};
		A9436712291CCF0300643F66 /* Sources */ = {
			isa = PBXSourcesBuildPhase;
			buildActionMask = 2147483647;
			files = (
				A943671B291CCF0300643F66 /* A_CategoryTests.m in Sources */,
			);
			runOnlyForDeploymentPostprocessing = 0;
		};
		A943671C291CCF0300643F66 /* Sources */ = {
			isa = PBXSourcesBuildPhase;
			buildActionMask = 2147483647;
			files = (
				A9436727291CCF0300643F66 /* A_CategoryUITestsLaunchTests.m in Sources */,
				A9436725291CCF0300643F66 /* A_CategoryUITests.m in Sources */,
			);
			runOnlyForDeploymentPostprocessing = 0;
		};
/* End PBXSourcesBuildPhase section */

/* Begin PBXTargetDependency section */
		A9436718291CCF0300643F66 /* PBXTargetDependency */ = {
			isa = PBXTargetDependency;
			target = A94366FA291CCF0100643F66 /* A_Category */;
			targetProxy = A9436717291CCF0300643F66 /* PBXContainerItemProxy */;
		};
		A9436722291CCF0300643F66 /* PBXTargetDependency */ = {
			isa = PBXTargetDependency;
			target = A94366FA291CCF0100643F66 /* A_Category */;
			targetProxy = A9436721291CCF0300643F66 /* PBXContainerItemProxy */;
		};
/* End PBXTargetDependency section */

/* Begin PBXVariantGroup section */
		A9436707291CCF0100643F66 /* Main.storyboard */ = {
			isa = PBXVariantGroup;
			children = (
				A9436708291CCF0100643F66 /* Base */,
			);
			name = Main.storyboard;
			sourceTree = "<group>";
		};
		A943670C291CCF0300643F66 /* LaunchScreen.storyboard */ = {
			isa = PBXVariantGroup;
			children = (
				A943670D291CCF0300643F66 /* Base */,
			);
			name = LaunchScreen.storyboard;
			sourceTree = "<group>";
		};
/* End PBXVariantGroup section */

/* Begin XCBuildConfiguration section */
		A9436728291CCF0300643F66 /* Debug */ = {
			isa = XCBuildConfiguration;
			buildSettings = {
				ALWAYS_SEARCH_USER_PATHS = NO;
				CLANG_ANALYZER_NONNULL = YES;
				CLANG_ANALYZER_NUMBER_OBJECT_CONVERSION = YES_AGGRESSIVE;
				CLANG_CXX_LANGUAGE_STANDARD = "gnu++17";
				CLANG_ENABLE_MODULES = YES;
				CLANG_ENABLE_OBJC_ARC = YES;
				CLANG_ENABLE_OBJC_WEAK = YES;
				CLANG_WARN_BLOCK_CAPTURE_AUTORELEASING = YES;
				CLANG_WARN_BOOL_CONVERSION = YES;
				CLANG_WARN_COMMA = YES;
				CLANG_WARN_CONSTANT_CONVERSION = YES;
				CLANG_WARN_DEPRECATED_OBJC_IMPLEMENTATIONS = YES;
				CLANG_WARN_DIRECT_OBJC_ISA_USAGE = YES_ERROR;
				CLANG_WARN_DOCUMENTATION_COMMENTS = YES;
				CLANG_WARN_EMPTY_BODY = YES;
				CLANG_WARN_ENUM_CONVERSION = YES;
				CLANG_WARN_INFINITE_RECURSION = YES;
				CLANG_WARN_INT_CONVERSION = YES;
				CLANG_WARN_NON_LITERAL_NULL_CONVERSION = YES;
				CLANG_WARN_OBJC_IMPLICIT_RETAIN_SELF = YES;
				CLANG_WARN_OBJC_LITERAL_CONVERSION = YES;
				CLANG_WARN_OBJC_ROOT_CLASS = YES_ERROR;
				CLANG_WARN_QUOTED_INCLUDE_IN_FRAMEWORK_HEADER = YES;
				CLANG_WARN_RANGE_LOOP_ANALYSIS = YES;
				CLANG_WARN_STRICT_PROTOTYPES = YES;
				CLANG_WARN_SUSPICIOUS_MOVE = YES;
				CLANG_WARN_UNGUARDED_AVAILABILITY = YES_AGGRESSIVE;
				CLANG_WARN_UNREACHABLE_CODE = YES;
				CLANG_WARN__DUPLICATE_METHOD_MATCH = YES;
				COPY_PHASE_STRIP = NO;
				DEBUG_INFORMATION_FORMAT = dwarf;
				ENABLE_STRICT_OBJC_MSGSEND = YES;
				ENABLE_TESTABILITY = YES;
				GCC_C_LANGUAGE_STANDARD = gnu11;
				GCC_DYNAMIC_NO_PIC = NO;
				GCC_NO_COMMON_BLOCKS = YES;
				GCC_OPTIMIZATION_LEVEL = 0;
				GCC_PREPROCESSOR_DEFINITIONS = (
					"DEBUG=1",
					"$(inherited)",
				);
				GCC_WARN_64_TO_32_BIT_CONVERSION = YES;
				GCC_WARN_ABOUT_RETURN_TYPE = YES_ERROR;
				GCC_WARN_UNDECLARED_SELECTOR = YES;
				GCC_WARN_UNINITIALIZED_AUTOS = YES_AGGRESSIVE;
				GCC_WARN_UNUSED_FUNCTION = YES;
				GCC_WARN_UNUSED_VARIABLE = YES;
				IPHONEOS_DEPLOYMENT_TARGET = 10.0;
				MTL_ENABLE_DEBUG_INFO = INCLUDE_SOURCE;
				MTL_FAST_MATH = YES;
				ONLY_ACTIVE_ARCH = YES;
				SDKROOT = iphoneos;
			};
			name = Debug;
		};
		A9436729291CCF0300643F66 /* Release */ = {
			isa = XCBuildConfiguration;
			buildSettings = {
				ALWAYS_SEARCH_USER_PATHS = NO;
				CLANG_ANALYZER_NONNULL = YES;
				CLANG_ANALYZER_NUMBER_OBJECT_CONVERSION = YES_AGGRESSIVE;
				CLANG_CXX_LANGUAGE_STANDARD = "gnu++17";
				CLANG_ENABLE_MODULES = YES;
				CLANG_ENABLE_OBJC_ARC = YES;
				CLANG_ENABLE_OBJC_WEAK = YES;
				CLANG_WARN_BLOCK_CAPTURE_AUTORELEASING = YES;
				CLANG_WARN_BOOL_CONVERSION = YES;
				CLANG_WARN_COMMA = YES;
				CLANG_WARN_CONSTANT_CONVERSION = YES;
				CLANG_WARN_DEPRECATED_OBJC_IMPLEMENTATIONS = YES;
				CLANG_WARN_DIRECT_OBJC_ISA_USAGE = YES_ERROR;
				CLANG_WARN_DOCUMENTATION_COMMENTS = YES;
				CLANG_WARN_EMPTY_BODY = YES;
				CLANG_WARN_ENUM_CONVERSION = YES;
				CLANG_WARN_INFINITE_RECURSION = YES;
				CLANG_WARN_INT_CONVERSION = YES;
				CLANG_WARN_NON_LITERAL_NULL_CONVERSION = YES;
				CLANG_WARN_OBJC_IMPLICIT_RETAIN_SELF = YES;
				CLANG_WARN_OBJC_LITERAL_CONVERSION = YES;
				CLANG_WARN_OBJC_ROOT_CLASS = YES_ERROR;
				CLANG_WARN_QUOTED_INCLUDE_IN_FRAMEWORK_HEADER = YES;
				CLANG_WARN_RANGE_LOOP_ANALYSIS = YES;
				CLANG_WARN_STRICT_PROTOTYPES = YES;
				CLANG_WARN_SUSPICIOUS_MOVE = YES;
				CLANG_WARN_UNGUARDED_AVAILABILITY = YES_AGGRESSIVE;
				CLANG_WARN_UNREACHABLE_CODE = YES;
				CLANG_WARN__DUPLICATE_METHOD_MATCH = YES;
				COPY_PHASE_STRIP = NO;
				DEBUG_INFORMATION_FORMAT = "dwarf-with-dsym";
				ENABLE_NS_ASSERTIONS = NO;
				ENABLE_STRICT_OBJC_MSGSEND = YES;
				GCC_C_LANGUAGE_STANDARD = gnu11;
				GCC_NO_COMMON_BLOCKS = YES;
				GCC_WARN_64_TO_32_BIT_CONVERSION = YES;
				GCC_WARN_ABOUT_RETURN_TYPE = YES_ERROR;
				GCC_WARN_UNDECLARED_SELECTOR = YES;
				GCC_WARN_UNINITIALIZED_AUTOS = YES_AGGRESSIVE;
				GCC_WARN_UNUSED_FUNCTION = YES;
				GCC_WARN_UNUSED_VARIABLE = YES;
				IPHONEOS_DEPLOYMENT_TARGET = 10.0;
				MTL_ENABLE_DEBUG_INFO = NO;
				MTL_FAST_MATH = YES;
				SDKROOT = iphoneos;
				VALIDATE_PRODUCT = YES;
			};
			name = Release;
		};
		A943672B291CCF0300643F66 /* Debug */ = {
			isa = XCBuildConfiguration;
			baseConfigurationReference = 1E314C273DE0E10AA465DF9F /* Pods-A_Category.debug.xcconfig */;
			buildSettings = {
				ASSETCATALOG_COMPILER_APPICON_NAME = AppIcon;
				ASSETCATALOG_COMPILER_GLOBAL_ACCENT_COLOR_NAME = AccentColor;
				CODE_SIGN_STYLE = Automatic;
				CURRENT_PROJECT_VERSION = 1;
				DEVELOPMENT_TEAM = WS829N8ZL4;
				GENERATE_INFOPLIST_FILE = YES;
				INFOPLIST_FILE = A_Category/Info.plist;
				INFOPLIST_KEY_UIApplicationSupportsIndirectInputEvents = YES;
				INFOPLIST_KEY_UILaunchStoryboardName = LaunchScreen;
				INFOPLIST_KEY_UIMainStoryboardFile = Main;
				INFOPLIST_KEY_UISupportedInterfaceOrientations_iPad = "UIInterfaceOrientationPortrait UIInterfaceOrientationPortraitUpsideDown UIInterfaceOrientationLandscapeLeft UIInterfaceOrientationLandscapeRight";
				INFOPLIST_KEY_UISupportedInterfaceOrientations_iPhone = "UIInterfaceOrientationPortrait UIInterfaceOrientationLandscapeLeft UIInterfaceOrientationLandscapeRight";
				IPHONEOS_DEPLOYMENT_TARGET = 10.0;
				LD_RUNPATH_SEARCH_PATHS = (
					"$(inherited)",
					"@executable_path/Frameworks",
				);
				MARKETING_VERSION = 1.0;
				PRODUCT_BUNDLE_IDENTIFIER = "com.xiuyuan.A-Category";
				PRODUCT_NAME = "$(TARGET_NAME)";
				SWIFT_EMIT_LOC_STRINGS = YES;
				TARGETED_DEVICE_FAMILY = "1,2";
			};
			name = Debug;
		};
		A943672C291CCF0300643F66 /* Release */ = {
			isa = XCBuildConfiguration;
			baseConfigurationReference = D5020946A0D9AF8D502FE851 /* Pods-A_Category.release.xcconfig */;
			buildSettings = {
				ASSETCATALOG_COMPILER_APPICON_NAME = AppIcon;
				ASSETCATALOG_COMPILER_GLOBAL_ACCENT_COLOR_NAME = AccentColor;
				CODE_SIGN_STYLE = Automatic;
				CURRENT_PROJECT_VERSION = 1;
				DEVELOPMENT_TEAM = WS829N8ZL4;
				GENERATE_INFOPLIST_FILE = YES;
				INFOPLIST_FILE = A_Category/Info.plist;
				INFOPLIST_KEY_UIApplicationSupportsIndirectInputEvents = YES;
				INFOPLIST_KEY_UILaunchStoryboardName = LaunchScreen;
				INFOPLIST_KEY_UIMainStoryboardFile = Main;
				INFOPLIST_KEY_UISupportedInterfaceOrientations_iPad = "UIInterfaceOrientationPortrait UIInterfaceOrientationPortraitUpsideDown UIInterfaceOrientationLandscapeLeft UIInterfaceOrientationLandscapeRight";
				INFOPLIST_KEY_UISupportedInterfaceOrientations_iPhone = "UIInterfaceOrientationPortrait UIInterfaceOrientationLandscapeLeft UIInterfaceOrientationLandscapeRight";
				IPHONEOS_DEPLOYMENT_TARGET = 10.0;
				LD_RUNPATH_SEARCH_PATHS = (
					"$(inherited)",
					"@executable_path/Frameworks",
				);
				MARKETING_VERSION = 1.0;
				PRODUCT_BUNDLE_IDENTIFIER = "com.xiuyuan.A-Category";
				PRODUCT_NAME = "$(TARGET_NAME)";
				SWIFT_EMIT_LOC_STRINGS = YES;
				TARGETED_DEVICE_FAMILY = "1,2";
			};
			name = Release;
		};
		A943672E291CCF0300643F66 /* Debug */ = {
			isa = XCBuildConfiguration;
			buildSettings = {
				BUNDLE_LOADER = "$(TEST_HOST)";
				CODE_SIGN_STYLE = Automatic;
				CURRENT_PROJECT_VERSION = 1;
				DEVELOPMENT_TEAM = WS829N8ZL4;
				GENERATE_INFOPLIST_FILE = YES;
				IPHONEOS_DEPLOYMENT_TARGET = 15.5;
				MARKETING_VERSION = 1.0;
				PRODUCT_BUNDLE_IDENTIFIER = "com.xiuyuan.A-CategoryTests";
				PRODUCT_NAME = "$(TARGET_NAME)";
				SWIFT_EMIT_LOC_STRINGS = NO;
				TARGETED_DEVICE_FAMILY = "1,2";
				TEST_HOST = "$(BUILT_PRODUCTS_DIR)/A_Category.app/A_Category";
			};
			name = Debug;
		};
		A943672F291CCF0300643F66 /* Release */ = {
			isa = XCBuildConfiguration;
			buildSettings = {
				BUNDLE_LOADER = "$(TEST_HOST)";
				CODE_SIGN_STYLE = Automatic;
				CURRENT_PROJECT_VERSION = 1;
				DEVELOPMENT_TEAM = WS829N8ZL4;
				GENERATE_INFOPLIST_FILE = YES;
				IPHONEOS_DEPLOYMENT_TARGET = 15.5;
				MARKETING_VERSION = 1.0;
				PRODUCT_BUNDLE_IDENTIFIER = "com.xiuyuan.A-CategoryTests";
				PRODUCT_NAME = "$(TARGET_NAME)";
				SWIFT_EMIT_LOC_STRINGS = NO;
				TARGETED_DEVICE_FAMILY = "1,2";
				TEST_HOST = "$(BUILT_PRODUCTS_DIR)/A_Category.app/A_Category";
			};
			name = Release;
		};
		A9436731291CCF0300643F66 /* Debug */ = {
			isa = XCBuildConfiguration;
			buildSettings = {
				CODE_SIGN_STYLE = Automatic;
				CURRENT_PROJECT_VERSION = 1;
				DEVELOPMENT_TEAM = WS829N8ZL4;
				GENERATE_INFOPLIST_FILE = YES;
				MARKETING_VERSION = 1.0;
				PRODUCT_BUNDLE_IDENTIFIER = "com.xiuyuan.A-CategoryUITests";
				PRODUCT_NAME = "$(TARGET_NAME)";
				SWIFT_EMIT_LOC_STRINGS = NO;
				TARGETED_DEVICE_FAMILY = "1,2";
				TEST_TARGET_NAME = A_Category;
			};
			name = Debug;
		};
		A9436732291CCF0300643F66 /* Release */ = {
			isa = XCBuildConfiguration;
			buildSettings = {
				CODE_SIGN_STYLE = Automatic;
				CURRENT_PROJECT_VERSION = 1;
				DEVELOPMENT_TEAM = WS829N8ZL4;
				GENERATE_INFOPLIST_FILE = YES;
				MARKETING_VERSION = 1.0;
				PRODUCT_BUNDLE_IDENTIFIER = "com.xiuyuan.A-CategoryUITests";
				PRODUCT_NAME = "$(TARGET_NAME)";
				SWIFT_EMIT_LOC_STRINGS = NO;
				TARGETED_DEVICE_FAMILY = "1,2";
				TEST_TARGET_NAME = A_Category;
			};
			name = Release;
		};
/* End XCBuildConfiguration section */

/* Begin XCConfigurationList section */
		A94366F6291CCF0100643F66 /* Build configuration list for PBXProject "A_Category" */ = {
			isa = XCConfigurationList;
			buildConfigurations = (
				A9436728291CCF0300643F66 /* Debug */,
				A9436729291CCF0300643F66 /* Release */,
			);
			defaultConfigurationIsVisible = 0;
			defaultConfigurationName = Release;
		};
		A943672A291CCF0300643F66 /* Build configuration list for PBXNativeTarget "A_Category" */ = {
			isa = XCConfigurationList;
			buildConfigurations = (
				A943672B291CCF0300643F66 /* Debug */,
				A943672C291CCF0300643F66 /* Release */,
			);
			defaultConfigurationIsVisible = 0;
			defaultConfigurationName = Release;
		};
		A943672D291CCF0300643F66 /* Build configuration list for PBXNativeTarget "A_CategoryTests" */ = {
			isa = XCConfigurationList;
			buildConfigurations = (
				A943672E291CCF0300643F66 /* Debug */,
				A943672F291CCF0300643F66 /* Release */,
			);
			defaultConfigurationIsVisible = 0;
			defaultConfigurationName = Release;
		};
		A9436730291CCF0300643F66 /* Build configuration list for PBXNativeTarget "A_CategoryUITests" */ = {
			isa = XCConfigurationList;
			buildConfigurations = (
				A9436731291CCF0300643F66 /* Debug */,
				A9436732291CCF0300643F66 /* Release */,
			);
			defaultConfigurationIsVisible = 0;
			defaultConfigurationName = Release;
		};
/* End XCConfigurationList section */
	};
	rootObject = A94366F3291CCF0100643F66 /* Project object */;
}
